
Microsoft Visual Studio Solution File, Format Version 12.00
# Visual Studio Version 17
VisualStudioVersion = 17.3.32825.248
MinimumVisualStudioVersion = 10.0.40219.1
Project("{2150E333-8FDC-42A3-9474-1A3956D46DE8}") = "src", "src", "{F710EF8F-D536-4301-9B67-1E43AFF656BF}"
EndProject
Project("{9A19103F-16F7-4668-BE54-9A1E7A4F7556}") = "MyGuides.Data", "MyGuides.Infra.Data\MyGuides.Data.csproj", "{251A267C-1D03-42B0-B579-F88436A1E63E}"
EndProject
Project("{9A19103F-16F7-4668-BE54-9A1E7A4F7556}") = "MyGuides.Api", "MyGuides.Api\MyGuides.Api.csproj", "{7DECA206-97B5-406B-8BB9-385349CAEF15}"
EndProject
Project("{9A19103F-16F7-4668-BE54-9A1E7A4F7556}") = "MyGuides.Notifications", "MyGuides.Notifications\MyGuides.Notifications.csproj", "{C6171EC9-25EF-4920-B118-B7FFDD16FFAF}"
EndProject
Project("{9A19103F-16F7-4668-BE54-9A1E7A4F7556}") = "MyGuides.Application", "MyGuides.Application\MyGuides.Application.csproj", "{FE60FEDE-308C-43D1-B03C-FAAC5DA8A5B4}"
EndProject
Project("{9A19103F-16F7-4668-BE54-9A1E7A4F7556}") = "MyGuides.Domain", "MyGuides.Domain\MyGuides.Domain.csproj", "{919C491E-9431-40B5-B4BC-8705383905BD}"
EndProject
Project("{9A19103F-16F7-4668-BE54-9A1E7A4F7556}") = "MyGuides.Startup", "MyGuides.Startup\MyGuides.Startup.csproj", "{01399E4E-B389-41B4-B2EF-B5D1CD3150ED}"
EndProject
Project("{2150E333-8FDC-42A3-9474-1A3956D46DE8}") = "sdk", "sdk", "{7C036563-8013-40F4-A9CC-955456778786}"
EndProject
Project("{9A19103F-16F7-4668-BE54-9A1E7A4F7556}") = "Steam.Api", "Steam.Api\Steam.Api.csproj", "{DA79E721-2A87-466A-825A-E8C9DEDAA15A}"
EndProject
Project("{9A19103F-16F7-4668-BE54-9A1E7A4F7556}") = "MyGuides.Utils", "MyGuides.Utils\MyGuides.Utils.csproj", "{2D3C5F8F-6F37-4E50-A28A-473021A9783E}"
EndProject
Global
	GlobalSection(SolutionConfigurationPlatforms) = preSolution
		Debug|Any CPU = Debug|Any CPU
		Release|Any CPU = Release|Any CPU
	EndGlobalSection
	GlobalSection(ProjectConfigurationPlatforms) = postSolution
		{251A267C-1D03-42B0-B579-F88436A1E63E}.Debug|Any CPU.ActiveCfg = Debug|Any CPU
		{251A267C-1D03-42B0-B579-F88436A1E63E}.Debug|Any CPU.Build.0 = Debug|Any CPU
		{251A267C-1D03-42B0-B579-F88436A1E63E}.Release|Any CPU.ActiveCfg = Release|Any CPU
		{251A267C-1D03-42B0-B579-F88436A1E63E}.Release|Any CPU.Build.0 = Release|Any CPU
		{7DECA206-97B5-406B-8BB9-385349CAEF15}.Debug|Any CPU.ActiveCfg = Debug|Any CPU
		{7DECA206-97B5-406B-8BB9-385349CAEF15}.Debug|Any CPU.Build.0 = Debug|Any CPU
		{7DECA206-97B5-406B-8BB9-385349CAEF15}.Release|Any CPU.ActiveCfg = Release|Any CPU
		{7DECA206-97B5-406B-8BB9-385349CAEF15}.Release|Any CPU.Build.0 = Release|Any CPU
		{C6171EC9-25EF-4920-B118-B7FFDD16FFAF}.Debug|Any CPU.ActiveCfg = Debug|Any CPU
		{C6171EC9-25EF-4920-B118-B7FFDD16FFAF}.Debug|Any CPU.Build.0 = Debug|Any CPU
		{C6171EC9-25EF-4920-B118-B7FFDD16FFAF}.Release|Any CPU.ActiveCfg = Release|Any CPU
		{C6171EC9-25EF-4920-B118-B7FFDD16FFAF}.Release|Any CPU.Build.0 = Release|Any CPU
		{FE60FEDE-308C-43D1-B03C-FAAC5DA8A5B4}.Debug|Any CPU.ActiveCfg = Debug|Any CPU
		{FE60FEDE-308C-43D1-B03C-FAAC5DA8A5B4}.Debug|Any CPU.Build.0 = Debug|Any CPU
		{FE60FEDE-308C-43D1-B03C-FAAC5DA8A5B4}.Release|Any CPU.ActiveCfg = Release|Any CPU
		{FE60FEDE-308C-43D1-B03C-FAAC5DA8A5B4}.Release|Any CPU.Build.0 = Release|Any CPU
		{919C491E-9431-40B5-B4BC-8705383905BD}.Debug|Any CPU.ActiveCfg = Debug|Any CPU
		{919C491E-9431-40B5-B4BC-8705383905BD}.Debug|Any CPU.Build.0 = Debug|Any CPU
		{919C491E-9431-40B5-B4BC-8705383905BD}.Release|Any CPU.ActiveCfg = Release|Any CPU
		{919C491E-9431-40B5-B4BC-8705383905BD}.Release|Any CPU.Build.0 = Release|Any CPU
		{01399E4E-B389-41B4-B2EF-B5D1CD3150ED}.Debug|Any CPU.ActiveCfg = Debug|Any CPU
		{01399E4E-B389-41B4-B2EF-B5D1CD3150ED}.Debug|Any CPU.Build.0 = Debug|Any CPU
		{01399E4E-B389-41B4-B2EF-B5D1CD3150ED}.Release|Any CPU.ActiveCfg = Release|Any CPU
		{01399E4E-B389-41B4-B2EF-B5D1CD3150ED}.Release|Any CPU.Build.0 = Release|Any CPU
		{DA79E721-2A87-466A-825A-E8C9DEDAA15A}.Debug|Any CPU.ActiveCfg = Debug|Any CPU
		{DA79E721-2A87-466A-825A-E8C9DEDAA15A}.Debug|Any CPU.Build.0 = Debug|Any CPU
		{DA79E721-2A87-466A-825A-E8C9DEDAA15A}.Release|Any CPU.ActiveCfg = Release|Any CPU
		{DA79E721-2A87-466A-825A-E8C9DEDAA15A}.Release|Any CPU.Build.0 = Release|Any CPU
		{2D3C5F8F-6F37-4E50-A28A-473021A9783E}.Debug|Any CPU.ActiveCfg = Debug|Any CPU
		{2D3C5F8F-6F37-4E50-A28A-473021A9783E}.Debug|Any CPU.Build.0 = Debug|Any CPU
		{2D3C5F8F-6F37-4E50-A28A-473021A9783E}.Release|Any CPU.ActiveCfg = Release|Any CPU
		{2D3C5F8F-6F37-4E50-A28A-473021A9783E}.Release|Any CPU.Build.0 = Release|Any CPU
	EndGlobalSection
	GlobalSection(SolutionProperties) = preSolution
		HideSolutionNode = FALSE
	EndGlobalSection
	GlobalSection(NestedProjects) = preSolution
		{251A267C-1D03-42B0-B579-F88436A1E63E} = {F710EF8F-D536-4301-9B67-1E43AFF656BF}
		{7DECA206-97B5-406B-8BB9-385349CAEF15} = {F710EF8F-D536-4301-9B67-1E43AFF656BF}
		{C6171EC9-25EF-4920-B118-B7FFDD16FFAF} = {F710EF8F-D536-4301-9B67-1E43AFF656BF}
		{FE60FEDE-308C-43D1-B03C-FAAC5DA8A5B4} = {F710EF8F-D536-4301-9B67-1E43AFF656BF}
		{919C491E-9431-40B5-B4BC-8705383905BD} = {F710EF8F-D536-4301-9B67-1E43AFF656BF}
		{01399E4E-B389-41B4-B2EF-B5D1CD3150ED} = {F710EF8F-D536-4301-9B67-1E43AFF656BF}
		{7C036563-8013-40F4-A9CC-955456778786} = {F710EF8F-D536-4301-9B67-1E43AFF656BF}
		{DA79E721-2A87-466A-825A-E8C9DEDAA15A} = {7C036563-8013-40F4-A9CC-955456778786}
		{2D3C5F8F-6F37-4E50-A28A-473021A9783E} = {F710EF8F-D536-4301-9B67-1E43AFF656BF}
	EndGlobalSection
	GlobalSection(ExtensibilityGlobals) = postSolution
		SolutionGuid = {ECCF9FBA-C37D-4A93-A2D3-B96C85D6589F}
	EndGlobalSection
EndGlobal
